// !$*UTF8*$!
{
	archiveVersion = 1;
	classes = {
	};
	objectVersion = 55;
	objects = {

/* Begin PBXBuildFile section */
		D3A5872527FCF906008D7270 /* ExampleApp.swift in Sources */ = {isa = PBXBuildFile; fileRef = D3A5871527FCF905008D7270 /* ExampleApp.swift */; };
		D3A5872627FCF906008D7270 /* ExampleApp.swift in Sources */ = {isa = PBXBuildFile; fileRef = D3A5871527FCF905008D7270 /* ExampleApp.swift */; };
		D3A5872727FCF906008D7270 /* RootView.swift in Sources */ = {isa = PBXBuildFile; fileRef = D3A5871627FCF905008D7270 /* RootView.swift */; };
		D3A5872827FCF906008D7270 /* RootView.swift in Sources */ = {isa = PBXBuildFile; fileRef = D3A5871627FCF905008D7270 /* RootView.swift */; };
		D3A5872927FCF906008D7270 /* Assets.xcassets in Resources */ = {isa = PBXBuildFile; fileRef = D3A5871727FCF906008D7270 /* Assets.xcassets */; };
		D3A5872A27FCF906008D7270 /* Assets.xcassets in Resources */ = {isa = PBXBuildFile; fileRef = D3A5871727FCF906008D7270 /* Assets.xcassets */; };
		D3ADAF732800E51C00E493C3 /* UniversalTextEditor in Frameworks */ = {isa = PBXBuildFile; productRef = D3ADAF722800E51C00E493C3 /* UniversalTextEditor */; };
		D3ADAF752800E55900E493C3 /* UniversalTextEditor in Frameworks */ = {isa = PBXBuildFile; productRef = D3ADAF742800E55900E493C3 /* UniversalTextEditor */; };
		D3CFD62C280683EE00AABA9C /* TextViewRepresentable.swift in Sources */ = {isa = PBXBuildFile; fileRef = D3CFD62B280683EE00AABA9C /* TextViewRepresentable.swift */; };
		D3CFD62D280683EE00AABA9C /* TextViewRepresentable.swift in Sources */ = {isa = PBXBuildFile; fileRef = D3CFD62B280683EE00AABA9C /* TextViewRepresentable.swift */; };
		D3ECF10928009E80004C3C01 /* ThirdPartyTextViewRepresentable.swift in Sources */ = {isa = PBXBuildFile; fileRef = D3ECF10828009E80004C3C01 /* ThirdPartyTextViewRepresentable.swift */; };
		D3ECF10A28009E80004C3C01 /* ThirdPartyTextViewRepresentable.swift in Sources */ = {isa = PBXBuildFile; fileRef = D3ECF10828009E80004C3C01 /* ThirdPartyTextViewRepresentable.swift */; };
/* End PBXBuildFile section */

/* Begin PBXFileReference section */
		D3A5871527FCF905008D7270 /* ExampleApp.swift */ = {isa = PBXFileReference; lastKnownFileType = sourcecode.swift; path = ExampleApp.swift; sourceTree = "<group>"; };
		D3A5871627FCF905008D7270 /* RootView.swift */ = {isa = PBXFileReference; lastKnownFileType = sourcecode.swift; path = RootView.swift; sourceTree = "<group>"; };
		D3A5871727FCF906008D7270 /* Assets.xcassets */ = {isa = PBXFileReference; lastKnownFileType = folder.assetcatalog; path = Assets.xcassets; sourceTree = "<group>"; };
		D3A5871C27FCF906008D7270 /* .app */ = {isa = PBXFileReference; explicitFileType = wrapper.application; includeInIndex = 0; name = .app; path = ExampleApp.app; sourceTree = BUILT_PRODUCTS_DIR; };
		D3A5872227FCF906008D7270 /* .app */ = {isa = PBXFileReference; explicitFileType = wrapper.application; includeInIndex = 0; name = .app; path = ExampleApp.app; sourceTree = BUILT_PRODUCTS_DIR; };
		D3A5872427FCF906008D7270 /* macOS.entitlements */ = {isa = PBXFileReference; lastKnownFileType = text.plist.entitlements; path = macOS.entitlements; sourceTree = "<group>"; };
		D3CFD62828067CD900AABA9C /* Example1.md */ = {isa = PBXFileReference; lastKnownFileType = net.daringfireball.markdown; path = Example1.md; sourceTree = "<group>"; };
		D3CFD62928067D2F00AABA9C /* Example2.md */ = {isa = PBXFileReference; lastKnownFileType = net.daringfireball.markdown; path = Example2.md; sourceTree = "<group>"; };
		D3CFD62B280683EE00AABA9C /* TextViewRepresentable.swift */ = {isa = PBXFileReference; lastKnownFileType = sourcecode.swift; path = TextViewRepresentable.swift; sourceTree = "<group>"; };
		D3ECF10828009E80004C3C01 /* ThirdPartyTextViewRepresentable.swift */ = {isa = PBXFileReference; lastKnownFileType = sourcecode.swift; path = ThirdPartyTextViewRepresentable.swift; sourceTree = "<group>"; };
/* End PBXFileReference section */

/* Begin PBXFrameworksBuildPhase section */
		D3A5871927FCF906008D7270 /* Frameworks */ = {
			isa = PBXFrameworksBuildPhase;
			buildActionMask = 2147483647;
			files = (
				D3ADAF752800E55900E493C3 /* UniversalTextEditor in Frameworks */,
			);
			runOnlyForDeploymentPostprocessing = 0;
		};
		D3A5871F27FCF906008D7270 /* Frameworks */ = {
			isa = PBXFrameworksBuildPhase;
			buildActionMask = 2147483647;
			files = (
				D3ADAF732800E51C00E493C3 /* UniversalTextEditor in Frameworks */,
			);
			runOnlyForDeploymentPostprocessing = 0;
		};
/* End PBXFrameworksBuildPhase section */

/* Begin PBXGroup section */
		D3A5870F27FCF905008D7270 = {
			isa = PBXGroup;
			children = (
				D3A5874027FCFC97008D7270 /* SwiftUI */,
				D3A5871D27FCF906008D7270 /* Products */,
				D3A5873627FCF97C008D7270 /* Frameworks */,
			);
			sourceTree = "<group>";
		};
		D3A5871D27FCF906008D7270 /* Products */ = {
			isa = PBXGroup;
			children = (
				D3A5871C27FCF906008D7270 /* .app */,
				D3A5872227FCF906008D7270 /* .app */,
			);
			name = Products;
			sourceTree = "<group>";
		};
		D3A5873327FCF94D008D7270 /* Resources */ = {
			isa = PBXGroup;
			children = (
				D3CFD62A28067D4100AABA9C /* Examples */,
				D3A5871727FCF906008D7270 /* Assets.xcassets */,
			);
			path = Resources;
			sourceTree = "<group>";
		};
		D3A5873427FCF951008D7270 /* Views */ = {
			isa = PBXGroup;
			children = (
				D3A5871627FCF905008D7270 /* RootView.swift */,
				D3ECF10828009E80004C3C01 /* ThirdPartyTextViewRepresentable.swift */,
				D3CFD62B280683EE00AABA9C /* TextViewRepresentable.swift */,
			);
			path = Views;
			sourceTree = "<group>";
		};
		D3A5873527FCF958008D7270 /* App */ = {
			isa = PBXGroup;
			children = (
				D3A5871527FCF905008D7270 /* ExampleApp.swift */,
			);
			path = App;
			sourceTree = "<group>";
		};
		D3A5873627FCF97C008D7270 /* Frameworks */ = {
			isa = PBXGroup;
			children = (
			);
			name = Frameworks;
			sourceTree = "<group>";
		};
		D3A5874027FCFC97008D7270 /* SwiftUI */ = {
			isa = PBXGroup;
			children = (
				D3A5873527FCF958008D7270 /* App */,
				D3A5874127FCFCC8008D7270 /* Config */,
				D3A5873327FCF94D008D7270 /* Resources */,
				D3A5873427FCF951008D7270 /* Views */,
			);
			path = SwiftUI;
			sourceTree = "<group>";
		};
		D3A5874127FCFCC8008D7270 /* Config */ = {
			isa = PBXGroup;
			children = (
				D3A5872427FCF906008D7270 /* macOS.entitlements */,
			);
			path = Config;
			sourceTree = "<group>";
		};
		D3CFD62A28067D4100AABA9C /* Examples */ = {
			isa = PBXGroup;
			children = (
				D3CFD62828067CD900AABA9C /* Example1.md */,
				D3CFD62928067D2F00AABA9C /* Example2.md */,
			);
			path = Examples;
			sourceTree = "<group>";
		};
/* End PBXGroup section */

/* Begin PBXNativeTarget section */
		D3A5871B27FCF906008D7270 /* Example-SwiftUI-iOS */ = {
			isa = PBXNativeTarget;
			buildConfigurationList = D3A5872D27FCF906008D7270 /* Build configuration list for PBXNativeTarget "Example-SwiftUI-iOS" */;
			buildPhases = (
				D3A5871827FCF906008D7270 /* Sources */,
				D3A5871927FCF906008D7270 /* Frameworks */,
				D3A5871A27FCF906008D7270 /* Resources */,
			);
			buildRules = (
			);
			dependencies = (
			);
			name = "Example-SwiftUI-iOS";
			packageProductDependencies = (
				D3ADAF742800E55900E493C3 /* UniversalTextEditor */,
			);
			productName = "UniversalTextEditor-Example (iOS)";
			productReference = D3A5871C27FCF906008D7270 /* .app */;
			productType = "com.apple.product-type.application";
		};
		D3A5872127FCF906008D7270 /* Example-SwiftUI-macOS */ = {
			isa = PBXNativeTarget;
			buildConfigurationList = D3A5873027FCF906008D7270 /* Build configuration list for PBXNativeTarget "Example-SwiftUI-macOS" */;
			buildPhases = (
				D3A5871E27FCF906008D7270 /* Sources */,
				D3A5871F27FCF906008D7270 /* Frameworks */,
				D3A5872027FCF906008D7270 /* Resources */,
			);
			buildRules = (
			);
			dependencies = (
			);
			name = "Example-SwiftUI-macOS";
			packageProductDependencies = (
				D3ADAF722800E51C00E493C3 /* UniversalTextEditor */,
			);
			productName = "UniversalTextEditor-Example (macOS)";
			productReference = D3A5872227FCF906008D7270 /* .app */;
			productType = "com.apple.product-type.application";
		};
/* End PBXNativeTarget section */

/* Begin PBXProject section */
		D3A5871027FCF905008D7270 /* Project object */ = {
			isa = PBXProject;
			attributes = {
				BuildIndependentTargetsInParallel = 1;
				LastSwiftUpdateCheck = 1330;
				LastUpgradeCheck = 1330;
				TargetAttributes = {
					D3A5871B27FCF906008D7270 = {
						CreatedOnToolsVersion = 13.3;
					};
					D3A5872127FCF906008D7270 = {
						CreatedOnToolsVersion = 13.3;
					};
				};
			};
			buildConfigurationList = D3A5871327FCF905008D7270 /* Build configuration list for PBXProject "ExampleApp" */;
			compatibilityVersion = "Xcode 13.0";
			developmentRegion = en;
			hasScannedForEncodings = 0;
			knownRegions = (
				en,
				Base,
			);
			mainGroup = D3A5870F27FCF905008D7270;
			productRefGroup = D3A5871D27FCF906008D7270 /* Products */;
			projectDirPath = "";
			projectRoot = "";
			targets = (
				D3A5871B27FCF906008D7270 /* Example-SwiftUI-iOS */,
				D3A5872127FCF906008D7270 /* Example-SwiftUI-macOS */,
			);
		};
/* End PBXProject section */

/* Begin PBXResourcesBuildPhase section */
		D3A5871A27FCF906008D7270 /* Resources */ = {
			isa = PBXResourcesBuildPhase;
			buildActionMask = 2147483647;
			files = (
				D3A5872927FCF906008D7270 /* Assets.xcassets in Resources */,
			);
			runOnlyForDeploymentPostprocessing = 0;
		};
		D3A5872027FCF906008D7270 /* Resources */ = {
			isa = PBXResourcesBuildPhase;
			buildActionMask = 2147483647;
			files = (
				D3A5872A27FCF906008D7270 /* Assets.xcassets in Resources */,
			);
			runOnlyForDeploymentPostprocessing = 0;
		};
/* End PBXResourcesBuildPhase section */

/* Begin PBXSourcesBuildPhase section */
		D3A5871827FCF906008D7270 /* Sources */ = {
			isa = PBXSourcesBuildPhase;
			buildActionMask = 2147483647;
			files = (
				D3A5872727FCF906008D7270 /* RootView.swift in Sources */,
				D3ECF10928009E80004C3C01 /* ThirdPartyTextViewRepresentable.swift in Sources */,
				D3CFD62C280683EE00AABA9C /* TextViewRepresentable.swift in Sources */,
				D3A5872527FCF906008D7270 /* ExampleApp.swift in Sources */,
			);
			runOnlyForDeploymentPostprocessing = 0;
		};
		D3A5871E27FCF906008D7270 /* Sources */ = {
			isa = PBXSourcesBuildPhase;
			buildActionMask = 2147483647;
			files = (
				D3A5872827FCF906008D7270 /* RootView.swift in Sources */,
				D3ECF10A28009E80004C3C01 /* ThirdPartyTextViewRepresentable.swift in Sources */,
				D3CFD62D280683EE00AABA9C /* TextViewRepresentable.swift in Sources */,
				D3A5872627FCF906008D7270 /* ExampleApp.swift in Sources */,
			);
			runOnlyForDeploymentPostprocessing = 0;
		};
/* End PBXSourcesBuildPhase section */

/* Begin XCBuildConfiguration section */
		D3A5872B27FCF906008D7270 /* Debug */ = {
			isa = XCBuildConfiguration;
			buildSettings = {
				ALWAYS_SEARCH_USER_PATHS = NO;
				CLANG_ANALYZER_NONNULL = YES;
				CLANG_ANALYZER_NUMBER_OBJECT_CONVERSION = YES_AGGRESSIVE;
				CLANG_CXX_LANGUAGE_STANDARD = "gnu++17";
				CLANG_ENABLE_MODULES = YES;
				CLANG_ENABLE_OBJC_ARC = YES;
				CLANG_ENABLE_OBJC_WEAK = YES;
				CLANG_WARN_BLOCK_CAPTURE_AUTORELEASING = YES;
				CLANG_WARN_BOOL_CONVERSION = YES;
				CLANG_WARN_COMMA = YES;
				CLANG_WARN_CONSTANT_CONVERSION = YES;
				CLANG_WARN_DEPRECATED_OBJC_IMPLEMENTATIONS = YES;
				CLANG_WARN_DIRECT_OBJC_ISA_USAGE = YES_ERROR;
				CLANG_WARN_DOCUMENTATION_COMMENTS = YES;
				CLANG_WARN_EMPTY_BODY = YES;
				CLANG_WARN_ENUM_CONVERSION = YES;
				CLANG_WARN_INFINITE_RECURSION = YES;
				CLANG_WARN_INT_CONVERSION = YES;
				CLANG_WARN_NON_LITERAL_NULL_CONVERSION = YES;
				CLANG_WARN_OBJC_IMPLICIT_RETAIN_SELF = YES;
				CLANG_WARN_OBJC_LITERAL_CONVERSION = YES;
				CLANG_WARN_OBJC_ROOT_CLASS = YES_ERROR;
				CLANG_WARN_QUOTED_INCLUDE_IN_FRAMEWORK_HEADER = YES;
				CLANG_WARN_RANGE_LOOP_ANALYSIS = YES;
				CLANG_WARN_STRICT_PROTOTYPES = YES;
				CLANG_WARN_SUSPICIOUS_MOVE = YES;
				CLANG_WARN_UNGUARDED_AVAILABILITY = YES_AGGRESSIVE;
				CLANG_WARN_UNREACHABLE_CODE = YES;
				CLANG_WARN__DUPLICATE_METHOD_MATCH = YES;
				COPY_PHASE_STRIP = NO;
				DEBUG_INFORMATION_FORMAT = dwarf;
				ENABLE_STRICT_OBJC_MSGSEND = YES;
				ENABLE_TESTABILITY = YES;
				GCC_C_LANGUAGE_STANDARD = gnu11;
				GCC_DYNAMIC_NO_PIC = NO;
				GCC_NO_COMMON_BLOCKS = YES;
				GCC_OPTIMIZATION_LEVEL = 0;
				GCC_PREPROCESSOR_DEFINITIONS = (
					"DEBUG=1",
					"$(inherited)",
				);
				GCC_WARN_64_TO_32_BIT_CONVERSION = YES;
				GCC_WARN_ABOUT_RETURN_TYPE = YES_ERROR;
				GCC_WARN_UNDECLARED_SELECTOR = YES;
				GCC_WARN_UNINITIALIZED_AUTOS = YES_AGGRESSIVE;
				GCC_WARN_UNUSED_FUNCTION = YES;
				GCC_WARN_UNUSED_VARIABLE = YES;
				MTL_ENABLE_DEBUG_INFO = INCLUDE_SOURCE;
				MTL_FAST_MATH = YES;
				ONLY_ACTIVE_ARCH = YES;
				PRODUCT_NAME = ExampleApp;
				SWIFT_ACTIVE_COMPILATION_CONDITIONS = DEBUG;
				SWIFT_OPTIMIZATION_LEVEL = "-Onone";
			};
			name = Debug;
		};
		D3A5872C27FCF906008D7270 /* Release */ = {
			isa = XCBuildConfiguration;
			buildSettings = {
				ALWAYS_SEARCH_USER_PATHS = NO;
				CLANG_ANALYZER_NONNULL = YES;
				CLANG_ANALYZER_NUMBER_OBJECT_CONVERSION = YES_AGGRESSIVE;
				CLANG_CXX_LANGUAGE_STANDARD = "gnu++17";
				CLANG_ENABLE_MODULES = YES;
				CLANG_ENABLE_OBJC_ARC = YES;
				CLANG_ENABLE_OBJC_WEAK = YES;
				CLANG_WARN_BLOCK_CAPTURE_AUTORELEASING = YES;
				CLANG_WARN_BOOL_CONVERSION = YES;
				CLANG_WARN_COMMA = YES;
				CLANG_WARN_CONSTANT_CONVERSION = YES;
				CLANG_WARN_DEPRECATED_OBJC_IMPLEMENTATIONS = YES;
				CLANG_WARN_DIRECT_OBJC_ISA_USAGE = YES_ERROR;
				CLANG_WARN_DOCUMENTATION_COMMENTS = YES;
				CLANG_WARN_EMPTY_BODY = YES;
				CLANG_WARN_ENUM_CONVERSION = YES;
				CLANG_WARN_INFINITE_RECURSION = YES;
				CLANG_WARN_INT_CONVERSION = YES;
				CLANG_WARN_NON_LITERAL_NULL_CONVERSION = YES;
				CLANG_WARN_OBJC_IMPLICIT_RETAIN_SELF = YES;
				CLANG_WARN_OBJC_LITERAL_CONVERSION = YES;
				CLANG_WARN_OBJC_ROOT_CLASS = YES_ERROR;
				CLANG_WARN_QUOTED_INCLUDE_IN_FRAMEWORK_HEADER = YES;
				CLANG_WARN_RANGE_LOOP_ANALYSIS = YES;
				CLANG_WARN_STRICT_PROTOTYPES = YES;
				CLANG_WARN_SUSPICIOUS_MOVE = YES;
				CLANG_WARN_UNGUARDED_AVAILABILITY = YES_AGGRESSIVE;
				CLANG_WARN_UNREACHABLE_CODE = YES;
				CLANG_WARN__DUPLICATE_METHOD_MATCH = YES;
				COPY_PHASE_STRIP = NO;
				DEBUG_INFORMATION_FORMAT = "dwarf-with-dsym";
				ENABLE_NS_ASSERTIONS = NO;
				ENABLE_STRICT_OBJC_MSGSEND = YES;
				GCC_C_LANGUAGE_STANDARD = gnu11;
				GCC_NO_COMMON_BLOCKS = YES;
				GCC_WARN_64_TO_32_BIT_CONVERSION = YES;
				GCC_WARN_ABOUT_RETURN_TYPE = YES_ERROR;
				GCC_WARN_UNDECLARED_SELECTOR = YES;
				GCC_WARN_UNINITIALIZED_AUTOS = YES_AGGRESSIVE;
				GCC_WARN_UNUSED_FUNCTION = YES;
				GCC_WARN_UNUSED_VARIABLE = YES;
				MTL_ENABLE_DEBUG_INFO = NO;
				MTL_FAST_MATH = YES;
				PRODUCT_NAME = ExampleApp;
				SWIFT_COMPILATION_MODE = wholemodule;
				SWIFT_OPTIMIZATION_LEVEL = "-O";
			};
			name = Release;
		};
		D3A5872E27FCF906008D7270 /* Debug */ = {
			isa = XCBuildConfiguration;
			buildSettings = {
				ASSETCATALOG_COMPILER_APPICON_NAME = AppIcon;
				ASSETCATALOG_COMPILER_GLOBAL_ACCENT_COLOR_NAME = AccentColor;
				CODE_SIGN_STYLE = Automatic;
				CURRENT_PROJECT_VERSION = 0;
				DEVELOPMENT_TEAM = 79E585EFP3;
				ENABLE_PREVIEWS = YES;
				GENERATE_INFOPLIST_FILE = YES;
				INFOPLIST_KEY_UIApplicationSceneManifest_Generation = YES;
				INFOPLIST_KEY_UIApplicationSupportsIndirectInputEvents = YES;
				INFOPLIST_KEY_UILaunchScreen_Generation = YES;
				INFOPLIST_KEY_UISupportedInterfaceOrientations_iPad = "UIInterfaceOrientationPortrait UIInterfaceOrientationPortraitUpsideDown UIInterfaceOrientationLandscapeLeft UIInterfaceOrientationLandscapeRight";
				INFOPLIST_KEY_UISupportedInterfaceOrientations_iPhone = "UIInterfaceOrientationPortrait UIInterfaceOrientationLandscapeLeft UIInterfaceOrientationLandscapeRight";
				IPHONEOS_DEPLOYMENT_TARGET = 15.0;
				LD_RUNPATH_SEARCH_PATHS = (
					"$(inherited)",
					"@executable_path/Frameworks",
				);
				MARKETING_VERSION = 0;
				PRODUCT_BUNDLE_IDENTIFIER = com.briandrelling.texteditor.example.swiftui;
				SDKROOT = iphoneos;
				SWIFT_EMIT_LOC_STRINGS = YES;
				SWIFT_VERSION = 5.0;
				TARGETED_DEVICE_FAMILY = "1,2";
			};
			name = Debug;
		};
		D3A5872F27FCF906008D7270 /* Release */ = {
			isa = XCBuildConfiguration;
			buildSettings = {
				ASSETCATALOG_COMPILER_APPICON_NAME = AppIcon;
				ASSETCATALOG_COMPILER_GLOBAL_ACCENT_COLOR_NAME = AccentColor;
				CODE_SIGN_STYLE = Automatic;
				CURRENT_PROJECT_VERSION = 0;
				DEVELOPMENT_TEAM = 79E585EFP3;
				ENABLE_PREVIEWS = YES;
				GENERATE_INFOPLIST_FILE = YES;
				INFOPLIST_KEY_UIApplicationSceneManifest_Generation = YES;
				INFOPLIST_KEY_UIApplicationSupportsIndirectInputEvents = YES;
				INFOPLIST_KEY_UILaunchScreen_Generation = YES;
				INFOPLIST_KEY_UISupportedInterfaceOrientations_iPad = "UIInterfaceOrientationPortrait UIInterfaceOrientationPortraitUpsideDown UIInterfaceOrientationLandscapeLeft UIInterfaceOrientationLandscapeRight";
				INFOPLIST_KEY_UISupportedInterfaceOrientations_iPhone = "UIInterfaceOrientationPortrait UIInterfaceOrientationLandscapeLeft UIInterfaceOrientationLandscapeRight";
				IPHONEOS_DEPLOYMENT_TARGET = 15.0;
				LD_RUNPATH_SEARCH_PATHS = (
					"$(inherited)",
					"@executable_path/Frameworks",
				);
				MARKETING_VERSION = 0;
				PRODUCT_BUNDLE_IDENTIFIER = com.briandrelling.texteditor.example.swiftui;
				SDKROOT = iphoneos;
				SWIFT_EMIT_LOC_STRINGS = YES;
				SWIFT_VERSION = 5.0;
				TARGETED_DEVICE_FAMILY = "1,2";
				VALIDATE_PRODUCT = YES;
			};
			name = Release;
		};
		D3A5873127FCF906008D7270 /* Debug */ = {
			isa = XCBuildConfiguration;
			buildSettings = {
				ASSETCATALOG_COMPILER_APPICON_NAME = AppIcon;
				ASSETCATALOG_COMPILER_GLOBAL_ACCENT_COLOR_NAME = AccentColor;
				CODE_SIGN_ENTITLEMENTS = SwiftUI/Config/macOS.entitlements;
				CODE_SIGN_STYLE = Automatic;
				COMBINE_HIDPI_IMAGES = YES;
				CURRENT_PROJECT_VERSION = 0;
				DEVELOPMENT_TEAM = 79E585EFP3;
				ENABLE_HARDENED_RUNTIME = YES;
				ENABLE_PREVIEWS = YES;
				GENERATE_INFOPLIST_FILE = YES;
				INFOPLIST_KEY_NSHumanReadableCopyright = "";
				LD_RUNPATH_SEARCH_PATHS = (
					"$(inherited)",
					"@executable_path/../Frameworks",
				);
				MACOSX_DEPLOYMENT_TARGET = 12.0;
				MARKETING_VERSION = 0;
				PRODUCT_BUNDLE_IDENTIFIER = com.briandrelling.texteditor.example.swiftui;
				SDKROOT = macosx;
				SWIFT_EMIT_LOC_STRINGS = YES;
				SWIFT_VERSION = 5.0;
			};
			name = Debug;
		};
		D3A5873227FCF906008D7270 /* Release */ = {
			isa = XCBuildConfiguration;
			buildSettings = {
				ASSETCATALOG_COMPILER_APPICON_NAME = AppIcon;
				ASSETCATALOG_COMPILER_GLOBAL_ACCENT_COLOR_NAME = AccentColor;
				CODE_SIGN_ENTITLEMENTS = SwiftUI/Config/macOS.entitlements;
				CODE_SIGN_STYLE = Automatic;
				COMBINE_HIDPI_IMAGES = YES;
				CURRENT_PROJECT_VERSION = 0;
				DEVELOPMENT_TEAM = 79E585EFP3;
				ENABLE_HARDENED_RUNTIME = YES;
				ENABLE_PREVIEWS = YES;
				GENERATE_INFOPLIST_FILE = YES;
				INFOPLIST_KEY_NSHumanReadableCopyright = "";
				LD_RUNPATH_SEARCH_PATHS = (
					"$(inherited)",
					"@executable_path/../Frameworks",
				);
				MACOSX_DEPLOYMENT_TARGET = 12.0;
				MARKETING_VERSION = 0;
				PRODUCT_BUNDLE_IDENTIFIER = com.briandrelling.texteditor.example.swiftui;
				SDKROOT = macosx;
				SWIFT_EMIT_LOC_STRINGS = YES;
				SWIFT_VERSION = 5.0;
			};
			name = Release;
		};
/* End XCBuildConfiguration section */

/* Begin XCConfigurationList section */
		D3A5871327FCF905008D7270 /* Build configuration list for PBXProject "ExampleApp" */ = {
			isa = XCConfigurationList;
			buildConfigurations = (
				D3A5872B27FCF906008D7270 /* Debug */,
				D3A5872C27FCF906008D7270 /* Release */,
			);
			defaultConfigurationIsVisible = 0;
			defaultConfigurationName = Release;
		};
		D3A5872D27FCF906008D7270 /* Build configuration list for PBXNativeTarget "Example-SwiftUI-iOS" */ = {
			isa = XCConfigurationList;
			buildConfigurations = (
				D3A5872E27FCF906008D7270 /* Debug */,
				D3A5872F27FCF906008D7270 /* Release */,
			);
			defaultConfigurationIsVisible = 0;
			defaultConfigurationName = Release;
		};
		D3A5873027FCF906008D7270 /* Build configuration list for PBXNativeTarget "Example-SwiftUI-macOS" */ = {
			isa = XCConfigurationList;
			buildConfigurations = (
				D3A5873127FCF906008D7270 /* Debug */,
				D3A5873227FCF906008D7270 /* Release */,
			);
			defaultConfigurationIsVisible = 0;
			defaultConfigurationName = Release;
		};
/* End XCConfigurationList section */

/* Begin XCSwiftPackageProductDependency section */
		D3ADAF722800E51C00E493C3 /* UniversalTextEditor */ = {
			isa = XCSwiftPackageProductDependency;
			productName = UniversalTextEditor;
		};
		D3ADAF742800E55900E493C3 /* UniversalTextEditor */ = {
			isa = XCSwiftPackageProductDependency;
			productName = UniversalTextEditor;
		};
/* End XCSwiftPackageProductDependency section */
	};
	rootObject = D3A5871027FCF905008D7270 /* Project object */;
}
